# THIS IS AN AUTOGENERATED FILE. DO NOT EDIT THIS FILE DIRECTLY.
# yarn lockfile v1


h3@^0.3.1:
  version "0.3.1"
  resolved "https://registry.yarnpkg.com/h3/-/h3-0.3.1.tgz#37cd5ff211c8019128c0655b73169e9d1629b935"
  integrity sha512-5YSJxxz5b3EfbXP02UE8hwUD4icC+7iJ/Yr0Zhipa2s/D01lOWfgDzt6yiauMohY7P/TR7R8MX3Y7I6vtlWBBA==
